<?xml version="1.0" encoding="utf-8"?>
<Project ToolsVersion="4.0" xmlns="http://schemas.microsoft.com/developer/msbuild/2003">
  <ItemGroup>
    <Filter Include="ソース ファイル">
      <UniqueIdentifier>{4FC737F1-C7A5-4376-A066-2A32D752A2FF}</UniqueIdentifier>
      <Extensions>cpp;c;cc;cxx;def;odl;idl;hpj;bat;asm;asmx</Extensions>
    </Filter>
    <Filter Include="ヘッダー ファイル">
      <UniqueIdentifier>{93995380-89BD-4b04-88EB-625FBE52EBFB}</UniqueIdentifier>
      <Extensions>h;hpp;hxx;hm;inl;inc;xsd</Extensions>
    </Filter>
    <Filter Include="リソース ファイル">
      <UniqueIdentifier>{67DA6AB6-F800-4c08-8B7A-83BB121AAD01}</UniqueIdentifier>
      <Extensions>rc;ico;cur;bmp;dlg;rc2;rct;bin;rgs;gif;jpg;jpeg;jpe;resx;tiff;tif;png;wav;mfcribbon-ms</Extensions>
    </Filter>
    <Filter Include="ソース ファイル\Code">
      <UniqueIdentifier>{e55d7817-d2c9-40fe-b786-480fa9dee800}</UniqueIdentifier>
    </Filter>
    <Filter Include="ヘッダー ファイル\Code">
      <UniqueIdentifier>{2a477699-3ef1-4458-9a35-80a15f41dff0}</UniqueIdentifier>
    </Filter>
    <Filter Include="ヘッダー ファイル\Code\Test">
      <UniqueIdentifier>{d4dbedde-c368-4773-ac37-f9deaa044274}</UniqueIdentifier>
    </Filter>
    <Filter Include="ソース ファイル\Code\Test">
      <UniqueIdentifier>{b1905969-69e8-4644-9aae-21fc91d03189}</UniqueIdentifier>
    </Filter>
    <Filter Include="ソース ファイル\Code\Scene">
      <UniqueIdentifier>{a707b368-1650-499b-bef5-f685f4d13ed9}</UniqueIdentifier>
    </Filter>
    <Filter Include="ヘッダー ファイル\Code\Scene">
      <UniqueIdentifier>{1342be08-8929-480d-99b6-c2cc0a7e7f1b}</UniqueIdentifier>
    </Filter>
    <Filter Include="ソース ファイル\Code\Common">
      <UniqueIdentifier>{8b1e5fda-8b93-4b8b-9262-1a1714ba3186}</UniqueIdentifier>
    </Filter>
    <Filter Include="ヘッダー ファイル\Code\Common">
      <UniqueIdentifier>{f4609d81-297e-468f-a697-8cfe817952a0}</UniqueIdentifier>
    </Filter>
    <Filter Include="ヘッダー ファイル\Code\Common\FileIO">
      <UniqueIdentifier>{2b0d457c-ecfb-48f3-a7ba-09ad4bea96ef}</UniqueIdentifier>
    </Filter>
    <Filter Include="ソース ファイル\Code\Common\FileIO">
      <UniqueIdentifier>{8eb3b174-f564-4355-b1e8-a6d6c0fc04fd}</UniqueIdentifier>
    </Filter>
    <Filter Include="ヘッダー ファイル\Code\Common\String">
      <UniqueIdentifier>{0bb63315-2cf9-4c0c-ae29-f062104e27c6}</UniqueIdentifier>
    </Filter>
    <Filter Include="ヘッダー ファイル\Code\Common\String\FontMgr">
      <UniqueIdentifier>{9528a501-484e-4aa7-a18a-bbf942685fe4}</UniqueIdentifier>
    </Filter>
    <Filter Include="ソース ファイル\Code\Common\String">
      <UniqueIdentifier>{d1f5055a-03ea-4c3e-a85a-09a28fd625b4}</UniqueIdentifier>
    </Filter>
    <Filter Include="ソース ファイル\Code\Common\String\FontMgr">
      <UniqueIdentifier>{a3ed3e09-4376-494d-a351-7b999c18cd2a}</UniqueIdentifier>
    </Filter>
    <Filter Include="ソース ファイル\Code\Common\Keyboard">
      <UniqueIdentifier>{397c7dd3-39c5-4faf-99f9-e2cfe5d9dd13}</UniqueIdentifier>
    </Filter>
    <Filter Include="ヘッダー ファイル\Code\Common\Keyboard">
      <UniqueIdentifier>{6b54e06c-d7a9-4e44-8bf4-ca39f6c72e03}</UniqueIdentifier>
    </Filter>
    <Filter Include="ヘッダー ファイル\Code\AppData">
      <UniqueIdentifier>{7f059448-7f8a-4fac-8f30-bad7e863972f}</UniqueIdentifier>
    </Filter>
    <Filter Include="ヘッダー ファイル\Code\AppData\SaveData">
      <UniqueIdentifier>{dad51b17-74db-4c61-8889-db01cf1c2837}</UniqueIdentifier>
    </Filter>
    <Filter Include="ソース ファイル\Code\AppData">
      <UniqueIdentifier>{6f1204d3-fa1c-411a-99f8-58dd1fb4c60a}</UniqueIdentifier>
    </Filter>
    <Filter Include="ソース ファイル\Code\AppData\SaveData">
      <UniqueIdentifier>{c94f2b4a-1b9a-4061-9ed8-e7eab3334270}</UniqueIdentifier>
    </Filter>
    <Filter Include="ヘッダー ファイル\Code\Scene\Shop">
      <UniqueIdentifier>{759079ef-7ed6-4128-b723-722fa8ac9265}</UniqueIdentifier>
    </Filter>
    <Filter Include="ソース ファイル\Code\Scene\Shop">
      <UniqueIdentifier>{fa4f7507-acaf-4a46-abad-4ec7dec38419}</UniqueIdentifier>
    </Filter>
    <Filter Include="ヘッダー ファイル\Code\AppData\Item">
      <UniqueIdentifier>{dfa13a16-54cc-45c3-96d2-266f4b22d462}</UniqueIdentifier>
    </Filter>
    <Filter Include="ソース ファイル\Code\AppData\Item">
      <UniqueIdentifier>{05622dc3-331c-4162-a2db-6b26c085dff0}</UniqueIdentifier>
    </Filter>
    <Filter Include="ソース ファイル\Code\Common\Mouse">
      <UniqueIdentifier>{126da5a1-10c5-416c-b80e-d92f28940205}</UniqueIdentifier>
    </Filter>
    <Filter Include="ヘッダー ファイル\Code\Common\Mouse">
      <UniqueIdentifier>{6793c92c-9887-40b8-a3be-5cadb79f5683}</UniqueIdentifier>
    </Filter>
    <Filter Include="ソース ファイル\Code\Scene\Adventure">
      <UniqueIdentifier>{cefe589f-316f-44b0-b9d4-33668196b8b0}</UniqueIdentifier>
    </Filter>
    <Filter Include="ソース ファイル\Code\Scene\Result">
      <UniqueIdentifier>{750aea46-dfbe-4f17-8f8e-0c3042d2155d}</UniqueIdentifier>
    </Filter>
    <Filter Include="ソース ファイル\Code\Scene\Tutorial">
      <UniqueIdentifier>{0caf948c-15cd-4db3-aac8-51b49b079192}</UniqueIdentifier>
    </Filter>
    <Filter Include="ヘッダー ファイル\Code\Scene\Adventure">
      <UniqueIdentifier>{9fc35514-84d2-4e4d-af41-7bf6ae1fea16}</UniqueIdentifier>
    </Filter>
    <Filter Include="ヘッダー ファイル\Code\Scene\Result">
      <UniqueIdentifier>{ef5fd6f5-7f95-4d16-a5eb-54457d430685}</UniqueIdentifier>
    </Filter>
    <Filter Include="ヘッダー ファイル\Code\Scene\Tutorial">
      <UniqueIdentifier>{03348471-cbd8-427c-a7ac-930dd3e73fb7}</UniqueIdentifier>
    </Filter>
    <Filter Include="ソース ファイル\Code\Common\WIndow">
      <UniqueIdentifier>{fc0ee606-7184-4178-ba65-55b0c9a038e8}</UniqueIdentifier>
    </Filter>
    <Filter Include="ヘッダー ファイル\Code\Common\Window">
      <UniqueIdentifier>{90d76181-49bb-4ee3-93f8-c5876d3b429d}</UniqueIdentifier>
    </Filter>
    <Filter Include="ソース ファイル\Code\Scene\Pouse">
      <UniqueIdentifier>{03305d0d-9ead-4013-9013-a04034f0dd2c}</UniqueIdentifier>
    </Filter>
    <Filter Include="ヘッダー ファイル\Code\Scene\Pouse">
      <UniqueIdentifier>{0c39ab78-f228-45a4-b34c-b484faf841b8}</UniqueIdentifier>
    </Filter>
  </ItemGroup>
  <ItemGroup>
    <ClCompile Include="SceneMgr.cpp">
      <Filter>ソース ファイル</Filter>
    </ClCompile>
    <ClCompile Include="Key.cpp">
      <Filter>ソース ファイル</Filter>
    </ClCompile>
    <ClCompile Include="Title.cpp">
      <Filter>ソース ファイル</Filter>
    </ClCompile>
    <ClCompile Include="Gamemain.cpp">
      <Filter>ソース ファイル</Filter>
    </ClCompile>
    <ClCompile Include="System.cpp">
      <Filter>ソース ファイル</Filter>
    </ClCompile>
    <ClCompile Include="Camera.cpp">
      <Filter>ソース ファイル</Filter>
    </ClCompile>
    <ClCompile Include="Chara_Player.cpp">
      <Filter>ソース ファイル</Filter>
    </ClCompile>
    <ClCompile Include="Chara_NPC.cpp">
      <Filter>ソース ファイル</Filter>
    </ClCompile>
    <ClCompile Include="Chara_Enemy.cpp">
      <Filter>ソース ファイル</Filter>
    </ClCompile>
    <ClCompile Include="Stage.cpp">
      <Filter>ソース ファイル</Filter>
    </ClCompile>
    <ClCompile Include="Chara.cpp">
      <Filter>ソース ファイル</Filter>
    </ClCompile>
    <ClCompile Include="UI.cpp">
      <Filter>ソース ファイル</Filter>
    </ClCompile>
    <ClCompile Include="Code\Test\TestMenu.cpp">
      <Filter>ソース ファイル\Code\Test</Filter>
    </ClCompile>
    <ClCompile Include="Code\Common\FileIO\FileIO.cpp">
      <Filter>ソース ファイル\Code\Common\FileIO</Filter>
    </ClCompile>
    <ClCompile Include="Code\Common\FileIO\ReadBynary.cpp">
      <Filter>ソース ファイル\Code\Common\FileIO</Filter>
    </ClCompile>
    <ClCompile Include="Code\Common\FileIO\WriteBynary.cpp">
      <Filter>ソース ファイル\Code\Common\FileIO</Filter>
    </ClCompile>
    <ClCompile Include="Code\Common\String\StringBase.cpp">
      <Filter>ソース ファイル\Code\Common\String</Filter>
    </ClCompile>
    <ClCompile Include="Code\Common\String\FontMgr\FontMgr.cpp">
      <Filter>ソース ファイル\Code\Common\String\FontMgr</Filter>
    </ClCompile>
    <ClCompile Include="Code\Common\Keyboard\Keyboard.cpp">
      <Filter>ソース ファイル\Code\Common\Keyboard</Filter>
    </ClCompile>
    <ClCompile Include="Code\AppData\SaveData\SaveData.cpp">
      <Filter>ソース ファイル\Code\AppData\SaveData</Filter>
    </ClCompile>
    <ClCompile Include="Code\Test\TestString.cpp">
      <Filter>ソース ファイル\Code\Test</Filter>
    </ClCompile>
    <ClCompile Include="Code\Scene\Shop\Shop.cpp">
      <Filter>ソース ファイル\Code\Scene\Shop</Filter>
    </ClCompile>
    <ClCompile Include="Code\AppData\Item\ItemData.cpp">
      <Filter>ソース ファイル\Code\AppData\Item</Filter>
    </ClCompile>
    <ClCompile Include="Code\Common\Mouse\Mouse.cpp">
      <Filter>ソース ファイル\Code\Common\Mouse</Filter>
    </ClCompile>
    <ClCompile Include="TextParam.cpp">
      <Filter>ソース ファイル</Filter>
    </ClCompile>
    <ClCompile Include="Code\Scene\Adventure\Adventure.cpp">
      <Filter>ソース ファイル\Code\Scene\Adventure</Filter>
    </ClCompile>
    <ClCompile Include="Code\Scene\Result\Result.cpp">
      <Filter>ソース ファイル\Code\Scene\Result</Filter>
    </ClCompile>
    <ClCompile Include="Code\Scene\Tutorial\Tutorial.cpp">
      <Filter>ソース ファイル\Code\Scene\Tutorial</Filter>
    </ClCompile>
    <ClCompile Include="Code\Common\Window\WindowBase.cpp">
      <Filter>ソース ファイル\Code\Common\WIndow</Filter>
    </ClCompile>
    <ClCompile Include="Code\Common\Window\Scrollbar.cpp">
      <Filter>ソース ファイル\Code\Common\WIndow</Filter>
    </ClCompile>
    <ClCompile Include="Code\Common\Window\ScrollWindow.cpp">
      <Filter>ソース ファイル\Code\Common\WIndow</Filter>
    </ClCompile>
    <ClCompile Include="Code\Scene\Pouse\Pouse.cpp">
      <Filter>ソース ファイル\Code\Scene\Pouse</Filter>
    </ClCompile>
    <ClCompile Include="StageData.cpp">
      <Filter>ソース ファイル</Filter>
    </ClCompile>
    <ClCompile Include="CharaBase.cpp">
      <Filter>ソース ファイル</Filter>
    </ClCompile>
    <ClCompile Include="Sound.cpp">
      <Filter>ソース ファイル</Filter>
    </ClCompile>
    <ClCompile Include="Animation.cpp">
      <Filter>ソース ファイル</Filter>
    </ClCompile>
    <ClCompile Include="GameMainRender.cpp">
      <Filter>ソース ファイル</Filter>
    </ClCompile>
    <ClCompile Include="WinMain.cpp">
      <Filter>ソース ファイル</Filter>
    </ClCompile>
    <ClCompile Include="BinaryFile.cpp">
      <Filter>ソース ファイル</Filter>
    </ClCompile>
    <ClCompile Include="Task_Title.cpp">
      <Filter>ソース ファイル</Filter>
    </ClCompile>
    <ClCompile Include="Task_AllStageClear.cpp">
      <Filter>ソース ファイル</Filter>
    </ClCompile>
    <ClCompile Include="Task_DebugStartMenu.cpp">
      <Filter>ソース ファイル</Filter>
    </ClCompile>
    <ClCompile Include="Task_GameMain.cpp">
      <Filter>ソース ファイル</Filter>
    </ClCompile>
    <ClCompile Include="Task_GameOver.cpp">
      <Filter>ソース ファイル</Filter>
    </ClCompile>
    <ClCompile Include="Task_KeyConfig.cpp">
      <Filter>ソース ファイル</Filter>
    </ClCompile>
    <ClCompile Include="Task_PauseMenu.cpp">
      <Filter>ソース ファイル</Filter>
    </ClCompile>
    <ClCompile Include="Task_StageClear.cpp">
      <Filter>ソース ファイル</Filter>
    </ClCompile>
    <ClCompile Include="Task_StageNumber.cpp">
      <Filter>ソース ファイル</Filter>
    </ClCompile>
    <ClCompile Include="Task.cpp">
      <Filter>ソース ファイル\Code</Filter>
    </ClCompile>
    <ClCompile Include="Input.cpp">
      <Filter>ソース ファイル</Filter>
    </ClCompile>
    <ClCompile Include="Effect.cpp">
      <Filter>ソース ファイル</Filter>
    </ClCompile>
    <ClCompile Include="Effect_Damage.cpp">
      <Filter>ソース ファイル</Filter>
    </ClCompile>
    <ClCompile Include="Effect_Dead.cpp">
      <Filter>ソース ファイル</Filter>
    </ClCompile>
    <ClCompile Include="Effect_SlashLocus.cpp">
      <Filter>ソース ファイル</Filter>
    </ClCompile>
    <ClCompile Include="Effect_SphereLocus.cpp">
      <Filter>ソース ファイル</Filter>
    </ClCompile>
    <ClCompile Include="Chara_Bee.cpp">
      <Filter>ソース ファイル</Filter>
    </ClCompile>
    <ClCompile Include="Chara_EnemyBase.cpp">
      <Filter>ソース ファイル</Filter>
    </ClCompile>
    <ClCompile Include="Chara_Golem.cpp">
      <Filter>ソース ファイル</Filter>
    </ClCompile>
    <ClCompile Include="Mathematics.cpp">
      <Filter>ソース ファイル</Filter>
    </ClCompile>
    <ClCompile Include="CharaHealthGauge.cpp">
      <Filter>ソース ファイル</Filter>
    </ClCompile>
    <ClCompile Include="Chara_PlayerBase.cpp">
      <Filter>ソース ファイル</Filter>
    </ClCompile>
    <ClCompile Include="Chara_Needle.cpp">
      <Filter>ソース ファイル</Filter>
    </ClCompile>
    <ClCompile Include="Item.cpp">
      <Filter>ソース ファイル</Filter>
    </ClCompile>
  </ItemGroup>
  <ItemGroup>
    <ClInclude Include="Define.h">
      <Filter>ヘッダー ファイル</Filter>
    </ClInclude>
    <ClInclude Include="SceneMgr.h">
      <Filter>ヘッダー ファイル</Filter>
    </ClInclude>
    <ClInclude Include="Key.h">
      <Filter>ヘッダー ファイル</Filter>
    </ClInclude>
    <ClInclude Include="Title.h">
      <Filter>ヘッダー ファイル</Filter>
    </ClInclude>
    <ClInclude Include="Gamemain.h">
      <Filter>ヘッダー ファイル</Filter>
    </ClInclude>
    <ClInclude Include="System.h">
      <Filter>ヘッダー ファイル</Filter>
    </ClInclude>
    <ClInclude Include="Camera.h">
      <Filter>ヘッダー ファイル</Filter>
    </ClInclude>
    <ClInclude Include="Chara_NPC.h">
      <Filter>ヘッダー ファイル</Filter>
    </ClInclude>
    <ClInclude Include="Chara_Player.h">
      <Filter>ヘッダー ファイル</Filter>
    </ClInclude>
    <ClInclude Include="Chara_Enemy.h">
      <Filter>ヘッダー ファイル</Filter>
    </ClInclude>
    <ClInclude Include="Stage.h">
      <Filter>ヘッダー ファイル</Filter>
    </ClInclude>
    <ClInclude Include="Chara.h">
      <Filter>ヘッダー ファイル</Filter>
    </ClInclude>
    <ClInclude Include="UI.h">
      <Filter>ヘッダー ファイル</Filter>
    </ClInclude>
    <ClInclude Include="Code\Test\TestMenu.h">
      <Filter>ヘッダー ファイル\Code\Test</Filter>
    </ClInclude>
    <ClInclude Include="Code\Common\FileIO\FileIO.h">
      <Filter>ヘッダー ファイル\Code\Common\FileIO</Filter>
    </ClInclude>
    <ClInclude Include="Code\Common\FileIO\ReadBynary.h">
      <Filter>ヘッダー ファイル\Code\Common\FileIO</Filter>
    </ClInclude>
    <ClInclude Include="Code\Common\FileIO\WriteBynary.h">
      <Filter>ヘッダー ファイル\Code\Common\FileIO</Filter>
    </ClInclude>
    <ClInclude Include="Code\Common\String\FontMgr\FontMgr.h">
      <Filter>ヘッダー ファイル\Code\Common\String\FontMgr</Filter>
    </ClInclude>
    <ClInclude Include="Code\Common\String\StringBase.h">
      <Filter>ヘッダー ファイル\Code\Common\String</Filter>
    </ClInclude>
    <ClInclude Include="Code\Common\Keyboard\Keyboard.h">
      <Filter>ヘッダー ファイル\Code\Common\Keyboard</Filter>
    </ClInclude>
    <ClInclude Include="Code\AppData\SaveData\SaveData.h">
      <Filter>ヘッダー ファイル\Code\AppData\SaveData</Filter>
    </ClInclude>
    <ClInclude Include="Code\Test\TestString.h">
      <Filter>ヘッダー ファイル\Code\Test</Filter>
    </ClInclude>
    <ClInclude Include="Code\Scene\Shop\Shop.h">
      <Filter>ヘッダー ファイル\Code\Scene\Shop</Filter>
    </ClInclude>
    <ClInclude Include="Code\AppData\Item\ItemData.h">
      <Filter>ヘッダー ファイル\Code\AppData\Item</Filter>
    </ClInclude>
    <ClInclude Include="Code\Common\Mouse\Mouse.h">
      <Filter>ヘッダー ファイル\Code\Common\Mouse</Filter>
    </ClInclude>
    <ClInclude Include="TextParam.h">
      <Filter>ヘッダー ファイル</Filter>
    </ClInclude>
    <ClInclude Include="Code\Scene\Adventure\Adventure.h">
      <Filter>ヘッダー ファイル\Code\Scene\Adventure</Filter>
    </ClInclude>
    <ClInclude Include="Code\Scene\Result\Result.h">
      <Filter>ヘッダー ファイル\Code\Scene\Result</Filter>
    </ClInclude>
    <ClInclude Include="Code\Scene\Tutorial\Tutorial.h">
      <Filter>ヘッダー ファイル\Code\Scene\Tutorial</Filter>
    </ClInclude>
    <ClInclude Include="Code\Common\Window\WindowBase.h">
      <Filter>ヘッダー ファイル\Code\Common\Window</Filter>
    </ClInclude>
    <ClInclude Include="Code\Common\Window\Scrollbar.h">
      <Filter>ヘッダー ファイル\Code\Common\Window</Filter>
    </ClInclude>
    <ClInclude Include="Code\Common\Window\ScrollWindow.h">
      <Filter>ヘッダー ファイル\Code\Common\Window</Filter>
    </ClInclude>
    <ClInclude Include="Code\Scene\Pouse\Pouse.h">
      <Filter>ヘッダー ファイル\Code\Scene\Pouse</Filter>
    </ClInclude>
    <ClInclude Include="StageData.h">
      <Filter>ヘッダー ファイル</Filter>
    </ClInclude>
    <ClInclude Include="CharaBase.h">
      <Filter>ヘッダー ファイル</Filter>
    </ClInclude>
    <ClInclude Include="Sound.h">
      <Filter>ヘッダー ファイル</Filter>
    </ClInclude>
    <ClInclude Include="Animation.h">
      <Filter>ヘッダー ファイル</Filter>
    </ClInclude>
    <ClInclude Include="Task.h">
      <Filter>ヘッダー ファイル</Filter>
    </ClInclude>
    <ClInclude Include="GameMainRender.h">
      <Filter>ヘッダー ファイル</Filter>
    </ClInclude>
    <ClInclude Include="BinaryFile.h">
      <Filter>ヘッダー ファイル</Filter>
    </ClInclude>
    <ClInclude Include="Task_GameOver.h">
      <Filter>ヘッダー ファイル</Filter>
    </ClInclude>
    <ClInclude Include="Task_KeyConfig.h">
      <Filter>ヘッダー ファイル</Filter>
    </ClInclude>
    <ClInclude Include="Task_PauseMenu.h">
      <Filter>ヘッダー ファイル</Filter>
    </ClInclude>
    <ClInclude Include="Task_StageClear.h">
      <Filter>ヘッダー ファイル</Filter>
    </ClInclude>
    <ClInclude Include="Task_StageNumber.h">
      <Filter>ヘッダー ファイル</Filter>
    </ClInclude>
    <ClInclude Include="Task_Title.h">
      <Filter>ヘッダー ファイル</Filter>
    </ClInclude>
    <ClInclude Include="Task_AllStageClear.h">
      <Filter>ヘッダー ファイル</Filter>
    </ClInclude>
    <ClInclude Include="Task_DebugStartMenu.h">
      <Filter>ヘッダー ファイル</Filter>
    </ClInclude>
    <ClInclude Include="Task_GameMain.h">
      <Filter>ヘッダー ファイル</Filter>
    </ClInclude>
    <ClInclude Include="Input.h">
      <Filter>ヘッダー ファイル</Filter>
    </ClInclude>
    <ClInclude Include="Effect_SphereLocus.h">
      <Filter>ヘッダー ファイル</Filter>
    </ClInclude>
    <ClInclude Include="Effect.h">
      <Filter>ヘッダー ファイル</Filter>
    </ClInclude>
    <ClInclude Include="Effect_Damage.h">
      <Filter>ヘッダー ファイル</Filter>
    </ClInclude>
    <ClInclude Include="Effect_Dead.h">
      <Filter>ヘッダー ファイル</Filter>
    </ClInclude>
    <ClInclude Include="Effect_SlashLocus.h">
      <Filter>ヘッダー ファイル</Filter>
    </ClInclude>
    <ClInclude Include="Chara_Golem.h">
      <Filter>ヘッダー ファイル</Filter>
    </ClInclude>
    <ClInclude Include="Chara_Bee.h">
      <Filter>ヘッダー ファイル</Filter>
    </ClInclude>
    <ClInclude Include="Chara_EnemyBase.h">
      <Filter>ヘッダー ファイル</Filter>
    </ClInclude>
    <ClInclude Include="Mathematics.h">
      <Filter>ヘッダー ファイル</Filter>
    </ClInclude>
    <ClInclude Include="CharaHealthGauge.h">
      <Filter>ヘッダー ファイル</Filter>
    </ClInclude>
    <ClInclude Include="Chara_PlayerBase.h">
      <Filter>ヘッダー ファイル</Filter>
    </ClInclude>
    <ClInclude Include="Chara_Needle.h">
      <Filter>ヘッダー ファイル</Filter>
    </ClInclude>
    <ClInclude Include="Item.h">
      <Filter>ヘッダー ファイル</Filter>
    </ClInclude>
  </ItemGroup>
</Project>